lockfileVersion: '9.0'

settings:
  autoInstallPeers: true
  excludeLinksFromLockfile: false

importers:

  .:
    dependencies:
      odiff-bin:
        specifier: ^4.4.2
        version: 4.4.2
      pixelmatch:
        specifier: ^7.2.0
        version: 7.2.0
      pngjs:
        specifier: ^7.0.0
        version: 7.0.0

packages:

  '@odiff/darwin-arm64@4.4.2':
    resolution: {integrity: sha512-mA6FeaPaYMoArITChSwXs79X8tGbYL1+GzAO/vb+KR+ANzx4dUm4/Vq12qNvl+xxYaez4g67wWzB/z0jerW0yg==}
    cpu: [arm64]
    os: [darwin]

  '@odiff/darwin-x64@4.4.2':
    resolution: {integrity: sha512-Zqm9gXzOd9D8IvN9AgCfH/4iZIz9Aq2aUMI/QgP2EaP42pSp+1qbM3Sfg34GEDqH/ZyljxC6qBqdxXINmJjoTQ==}
    cpu: [x64]
    os: [darwin]

  '@odiff/linux-arm64@4.4.2':
    resolution: {integrity: sha512-F6Q6ZEXwD6k9lsv3Kf7O7FXpkeb98edOhP2SDkhSrEX32E/J1K4PJj0f1NQallhrh9tiar89PUJt3zAZqjN2BQ==}
    cpu: [arm64]
    os: [linux]

  '@odiff/linux-riscv64@4.4.2':
    resolution: {integrity: sha512-lt7v1eN7hbdGIc16oLt+kCWizQpW9mwxkBl+lL7tN4ycT05OTC6LSYIQjDNREyIAMo3EmXoQcXGyLYC1Qn9rwA==}
    cpu: [riscv64]
    os: [linux]

  '@odiff/linux-x64@4.4.2':
    resolution: {integrity: sha512-xe9YxZL2a0aWQDJYDIlMC+Nq5MyLEG3XZo+XeOPc/TXFyImsYUKzHV5qZinhscbUCvEU9ak81BcCWHEQHODX0w==}
    cpu: [x64]
    os: [linux]

  '@odiff/win32-arm64@4.4.2':
    resolution: {integrity: sha512-bTxFFN6ZUGf4oEEVzvGK/RHgnNd3PbT5axjNdkQfCWjx6aIBrxaOOfO1KwwEyNETu2IP80p0s7tITge9QV/17g==}
    cpu: [arm64]
    os: [win32]

  '@odiff/win32-x64@4.4.2':
    resolution: {integrity: sha512-HtELrBhSFqFusCTuL6c402I5rG05n/ia+vioZyg8lZyYLCxOYes3dTX+rQqpymd8OzF7OEHekLnZDfhHk5AM0Q==}
    cpu: [x64]
    os: [win32]

  odiff-bin@4.4.2:
    resolution: {integrity: sha512-5bwp4V/bX0TypxiIyaYaWau95qlK+5Rawdf9vtpNWzytUaieGZiaM6pOVvN/IoXb14PXNshRaUfaf6GPrrVU+A==}
    hasBin: true

  pixelmatch@7.2.0:
    resolution: {integrity: sha512-xhcb4yHu9sM/G7foGzoLtXYcC0zHEaOXXjRKhGup0fw78Nf2Tkiapv4EQyMzrbcmQPsllAI7DbFY2UT7PlI9Pg==}
    hasBin: true

  pngjs@7.0.0:
    resolution: {integrity: sha512-LKWqWJRhstyYo9pGvgor/ivk2w94eSjE3RGVuzLGlr3NmD8bf7RcYGze1mNdEHRP6TRP6rMuDHk5t44hnTRyow==}
    engines: {node: '>=14.19.0'}

snapshots:

  '@odiff/darwin-arm64@4.4.2':
    optional: true

  '@odiff/darwin-x64@4.4.2':
    optional: true

  '@odiff/linux-arm64@4.4.2':
    optional: true

  '@odiff/linux-riscv64@4.4.2':
    optional: true

  '@odiff/linux-x64@4.4.2':
    optional: true

  '@odiff/win32-arm64@4.4.2':
    optional: true

  '@odiff/win32-x64@4.4.2':
    optional: true

  odiff-bin@4.4.2:
    optionalDependencies:
      '@odiff/darwin-arm64': 4.4.2
      '@odiff/darwin-x64': 4.4.2
      '@odiff/linux-arm64': 4.4.2
      '@odiff/linux-riscv64': 4.4.2
      '@odiff/linux-x64': 4.4.2
      '@odiff/win32-arm64': 4.4.2
      '@odiff/win32-x64': 4.4.2

  pixelmatch@7.2.0:
    dependencies:
      pngjs: 7.0.0

  pngjs@7.0.0: {}
